
Microsoft Visual Studio Solution File, Format Version 12.00
# Visual Studio Version 16
VisualStudioVersion = 16.0.29418.71
MinimumVisualStudioVersion = 10.0.40219.1
Project("{FAE04EC0-301F-11D3-BF4B-00C04F79EFBC}") = "PhotoApi", "PhotoApi.csproj", "{331C5AE1-D3A3-4C2E-8473-01490F003F7C}"
EndProject
Global
	GlobalSection(SolutionConfigurationPlatforms) = preSolution
		Debug|Any CPU = Debug|Any CPU
		Release|Any CPU = Release|Any CPU
	EndGlobalSection
	GlobalSection(ProjectConfigurationPlatforms) = postSolution
		{331C5AE1-D3A3-4C2E-8473-01490F003F7C}.Debug|Any CPU.ActiveCfg = Debug|Any CPU
		{331C5AE1-D3A3-4C2E-8473-01490F003F7C}.Debug|Any CPU.Build.0 = Debug|Any CPU
		{331C5AE1-D3A3-4C2E-8473-01490F003F7C}.Release|Any CPU.ActiveCfg = Release|Any CPU
		{331C5AE1-D3A3-4C2E-8473-01490F003F7C}.Release|Any CPU.Build.0 = Release|Any CPU
	EndGlobalSection
	GlobalSection(SolutionProperties) = preSolution
		HideSolutionNode = FALSE
	EndGlobalSection
	GlobalSection(ExtensibilityGlobals) = postSolution
		SolutionGuid = {EA8C07ED-83CF-4C30-B0CB-6F2D6A38BDA4}
	EndGlobalSection
EndGlobal
